
Microsoft Visual Studio Solution File, Format Version 12.00
# Visual Studio Version 16
VisualStudioVersion = 16.0.30204.135
MinimumVisualStudioVersion = 10.0.40219.1
Project("{9A19103F-16F7-4668-BE54-9A1E7A4F7556}") = "MySocNet", "MySocNet\MySocNet.csproj", "{1EFCA2E6-2279-44C0-9F1D-9A2607AEEE2F}"
EndProject
Project("{FAE04EC0-301F-11D3-BF4B-00C04F79EFBC}") = "WebApplication2", "WebApplication2\WebApplication2.csproj", "{A2E0DD89-DC9D-45D3-A3AC-77337F8AAC02}"
EndProject
Global
	GlobalSection(SolutionConfigurationPlatforms) = preSolution
		Debug|Any CPU = Debug|Any CPU
		Release|Any CPU = Release|Any CPU
	EndGlobalSection
	GlobalSection(ProjectConfigurationPlatforms) = postSolution
		{1EFCA2E6-2279-44C0-9F1D-9A2607AEEE2F}.Debug|Any CPU.ActiveCfg = Debug|Any CPU
		{1EFCA2E6-2279-44C0-9F1D-9A2607AEEE2F}.Debug|Any CPU.Build.0 = Debug|Any CPU
		{1EFCA2E6-2279-44C0-9F1D-9A2607AEEE2F}.Release|Any CPU.ActiveCfg = Release|Any CPU
		{1EFCA2E6-2279-44C0-9F1D-9A2607AEEE2F}.Release|Any CPU.Build.0 = Release|Any CPU
		{A2E0DD89-DC9D-45D3-A3AC-77337F8AAC02}.Debug|Any CPU.ActiveCfg = Debug|Any CPU
		{A2E0DD89-DC9D-45D3-A3AC-77337F8AAC02}.Debug|Any CPU.Build.0 = Debug|Any CPU
		{A2E0DD89-DC9D-45D3-A3AC-77337F8AAC02}.Release|Any CPU.ActiveCfg = Release|Any CPU
		{A2E0DD89-DC9D-45D3-A3AC-77337F8AAC02}.Release|Any CPU.Build.0 = Release|Any CPU
	EndGlobalSection
	GlobalSection(SolutionProperties) = preSolution
		HideSolutionNode = FALSE
	EndGlobalSection
	GlobalSection(ExtensibilityGlobals) = postSolution
		SolutionGuid = {ACF0E32C-7604-4462-9783-6C9B48587D1A}
	EndGlobalSection
EndGlobal
