
Microsoft Visual Studio Solution File, Format Version 12.00
# Visual Studio Version 16
VisualStudioVersion = 16.0.30225.117
MinimumVisualStudioVersion = 10.0.40219.1
Project("{FAE04EC0-301F-11D3-BF4B-00C04F79EFBC}") = "MVCtest", "MVCtest\MVCtest.csproj", "{A981692D-B2BE-4785-A836-F04AF73E8025}"
EndProject
Global
	GlobalSection(SolutionConfigurationPlatforms) = preSolution
		Debug|Any CPU = Debug|Any CPU
		Release|Any CPU = Release|Any CPU
	EndGlobalSection
	GlobalSection(ProjectConfigurationPlatforms) = postSolution
		{A981692D-B2BE-4785-A836-F04AF73E8025}.Debug|Any CPU.ActiveCfg = Debug|Any CPU
		{A981692D-B2BE-4785-A836-F04AF73E8025}.Debug|Any CPU.Build.0 = Debug|Any CPU
		{A981692D-B2BE-4785-A836-F04AF73E8025}.Release|Any CPU.ActiveCfg = Release|Any CPU
		{A981692D-B2BE-4785-A836-F04AF73E8025}.Release|Any CPU.Build.0 = Release|Any CPU
	EndGlobalSection
	GlobalSection(SolutionProperties) = preSolution
		HideSolutionNode = FALSE
	EndGlobalSection
	GlobalSection(ExtensibilityGlobals) = postSolution
		SolutionGuid = {3F750804-BD56-4F22-A258-E1722641FB62}
	EndGlobalSection
EndGlobal
